
Microsoft Visual Studio Solution File, Format Version 12.00
# Visual Studio Version 17
VisualStudioVersion = 17.0.32002.185
MinimumVisualStudioVersion = 10.0.40219.1
Project("{FAE04EC0-301F-11D3-BF4B-00C04F79EFBC}") = "Praktikum8", "Praktikum8.csproj", "{F646C80B-D989-45D8-8A8C-CD7E0D228388}"
EndProject
Global
	GlobalSection(SolutionConfigurationPlatforms) = preSolution
		Debug|Any CPU = Debug|Any CPU
		Release|Any CPU = Release|Any CPU
	EndGlobalSection
	GlobalSection(ProjectConfigurationPlatforms) = postSolution
		{F646C80B-D989-45D8-8A8C-CD7E0D228388}.Debug|Any CPU.ActiveCfg = Debug|Any CPU
		{F646C80B-D989-45D8-8A8C-CD7E0D228388}.Debug|Any CPU.Build.0 = Debug|Any CPU
		{F646C80B-D989-45D8-8A8C-CD7E0D228388}.Release|Any CPU.ActiveCfg = Release|Any CPU
		{F646C80B-D989-45D8-8A8C-CD7E0D228388}.Release|Any CPU.Build.0 = Release|Any CPU
	EndGlobalSection
	GlobalSection(SolutionProperties) = preSolution
		HideSolutionNode = FALSE
	EndGlobalSection
	GlobalSection(ExtensibilityGlobals) = postSolution
		SolutionGuid = {309EABCB-ADA7-449F-996C-9F3FE2CF8DEE}
	EndGlobalSection
EndGlobal
