
Microsoft Visual Studio Solution File, Format Version 12.00
# Visual Studio Version 16
VisualStudioVersion = 16.0.31729.503
MinimumVisualStudioVersion = 10.0.40219.1
Project("{FAE04EC0-301F-11D3-BF4B-00C04F79EFBC}") = "Praktikum3A", "Praktikum3A.csproj", "{58E3174B-775D-4483-AD55-5FA303CDC102}"
EndProject
Global
	GlobalSection(SolutionConfigurationPlatforms) = preSolution
		Debug|Any CPU = Debug|Any CPU
		Release|Any CPU = Release|Any CPU
	EndGlobalSection
	GlobalSection(ProjectConfigurationPlatforms) = postSolution
		{58E3174B-775D-4483-AD55-5FA303CDC102}.Debug|Any CPU.ActiveCfg = Debug|Any CPU
		{58E3174B-775D-4483-AD55-5FA303CDC102}.Debug|Any CPU.Build.0 = Debug|Any CPU
		{58E3174B-775D-4483-AD55-5FA303CDC102}.Release|Any CPU.ActiveCfg = Release|Any CPU
		{58E3174B-775D-4483-AD55-5FA303CDC102}.Release|Any CPU.Build.0 = Release|Any CPU
	EndGlobalSection
	GlobalSection(SolutionProperties) = preSolution
		HideSolutionNode = FALSE
	EndGlobalSection
	GlobalSection(ExtensibilityGlobals) = postSolution
		SolutionGuid = {BB841F8C-6E1A-4E2B-8A9F-093D5195CE81}
	EndGlobalSection
EndGlobal
